
Microsoft Visual Studio Solution File, Format Version 12.00
# Visual Studio 15
VisualStudioVersion = 15.0.28307.572
MinimumVisualStudioVersion = 10.0.40219.1
Project("{FAE04EC0-301F-11D3-BF4B-00C04F79EFBC}") = "MyLittleHomeland1", "RodinaUrodina\MyLittleHomeland1.csproj", "{1F5F28F1-86CB-4A4B-B3C4-9A321E13A9C2}"
EndProject
Global
	GlobalSection(SolutionConfigurationPlatforms) = preSolution
		Debug|Any CPU = Debug|Any CPU
		Release|Any CPU = Release|Any CPU
	EndGlobalSection
	GlobalSection(ProjectConfigurationPlatforms) = postSolution
		{1F5F28F1-86CB-4A4B-B3C4-9A321E13A9C2}.Debug|Any CPU.ActiveCfg = Debug|Any CPU
		{1F5F28F1-86CB-4A4B-B3C4-9A321E13A9C2}.Debug|Any CPU.Build.0 = Debug|Any CPU
		{1F5F28F1-86CB-4A4B-B3C4-9A321E13A9C2}.Release|Any CPU.ActiveCfg = Release|Any CPU
		{1F5F28F1-86CB-4A4B-B3C4-9A321E13A9C2}.Release|Any CPU.Build.0 = Release|Any CPU
	EndGlobalSection
	GlobalSection(SolutionProperties) = preSolution
		HideSolutionNode = FALSE
	EndGlobalSection
	GlobalSection(ExtensibilityGlobals) = postSolution
		SolutionGuid = {2EEC301A-7089-46C6-8DB3-A3072F7A49B9}
	EndGlobalSection
EndGlobal
